
Microsoft Visual Studio Solution File, Format Version 12.00
# Visual Studio 2013
VisualStudioVersion = 12.0.40629.0
MinimumVisualStudioVersion = 10.0.40219.1
Project("{FAE04EC0-301F-11D3-BF4B-00C04F79EFBC}") = "WcfClient", "WcfClient\WcfClient.csproj", "{8FB83324-FC6F-4F0D-9842-9CF11AF4FE0A}"
EndProject
Project("{FAE04EC0-301F-11D3-BF4B-00C04F79EFBC}") = "WcfHost", "WcfHost\WcfHost.csproj", "{F2C6DD01-47A5-4D2D-B223-2D1FE58F7326}"
EndProject
Project("{FAE04EC0-301F-11D3-BF4B-00C04F79EFBC}") = "WcfServiceLibrary", "WcfServiceLibrary\WcfServiceLibrary.csproj", "{078CA027-8239-4000-8BFA-CB25302624FB}"
EndProject
Global
	GlobalSection(SolutionConfigurationPlatforms) = preSolution
		Debug|Any CPU = Debug|Any CPU
		Release|Any CPU = Release|Any CPU
	EndGlobalSection
	GlobalSection(ProjectConfigurationPlatforms) = postSolution
		{8FB83324-FC6F-4F0D-9842-9CF11AF4FE0A}.Debug|Any CPU.ActiveCfg = Debug|Any CPU
		{8FB83324-FC6F-4F0D-9842-9CF11AF4FE0A}.Debug|Any CPU.Build.0 = Debug|Any CPU
		{8FB83324-FC6F-4F0D-9842-9CF11AF4FE0A}.Release|Any CPU.ActiveCfg = Release|Any CPU
		{8FB83324-FC6F-4F0D-9842-9CF11AF4FE0A}.Release|Any CPU.Build.0 = Release|Any CPU
		{F2C6DD01-47A5-4D2D-B223-2D1FE58F7326}.Debug|Any CPU.ActiveCfg = Debug|Any CPU
		{F2C6DD01-47A5-4D2D-B223-2D1FE58F7326}.Debug|Any CPU.Build.0 = Debug|Any CPU
		{F2C6DD01-47A5-4D2D-B223-2D1FE58F7326}.Release|Any CPU.ActiveCfg = Release|Any CPU
		{F2C6DD01-47A5-4D2D-B223-2D1FE58F7326}.Release|Any CPU.Build.0 = Release|Any CPU
		{078CA027-8239-4000-8BFA-CB25302624FB}.Debug|Any CPU.ActiveCfg = Debug|Any CPU
		{078CA027-8239-4000-8BFA-CB25302624FB}.Debug|Any CPU.Build.0 = Debug|Any CPU
		{078CA027-8239-4000-8BFA-CB25302624FB}.Release|Any CPU.ActiveCfg = Release|Any CPU
		{078CA027-8239-4000-8BFA-CB25302624FB}.Release|Any CPU.Build.0 = Release|Any CPU
	EndGlobalSection
	GlobalSection(SolutionProperties) = preSolution
		HideSolutionNode = FALSE
	EndGlobalSection
EndGlobal
